// !$*UTF8*$!
{
	archiveVersion = 1;
	classes = {
	};
	objectVersion = 56;
	objects = {

/* Begin PBXBuildFile section */
		1E3A1DEA2AF00A7C0083A4CC /* CallingViewController.swift in Sources */ = {isa = PBXBuildFile; fileRef = 1E3A1DE92AF00A7C0083A4CC /* CallingViewController.swift */; };
		1E3A1DEC2AF00D840083A4CC /* MeetingViewController.swift in Sources */ = {isa = PBXBuildFile; fileRef = 1E3A1DEB2AF00D840083A4CC /* MeetingViewController.swift */; };
		1E3A1DEE2AF0101C0083A4CC /* ImportantViewController.swift in Sources */ = {isa = PBXBuildFile; fileRef = 1E3A1DED2AF0101C0083A4CC /* ImportantViewController.swift */; };
		1E3A1DF02AF013BD0083A4CC /* TaskViewController.swift in Sources */ = {isa = PBXBuildFile; fileRef = 1E3A1DEF2AF013BD0083A4CC /* TaskViewController.swift */; };
		1E3A1DF42AF11A580083A4CC /* CustomTableViewCell.swift in Sources */ = {isa = PBXBuildFile; fileRef = 1E3A1DF32AF11A580083A4CC /* CustomTableViewCell.swift */; };
		1E586DA82B16735100CA1E00 /* MainView.swift in Sources */ = {isa = PBXBuildFile; fileRef = 1E586DA72B16735100CA1E00 /* MainView.swift */; };
		1E586DAA2B16825400CA1E00 /* TableView.swift in Sources */ = {isa = PBXBuildFile; fileRef = 1E586DA92B16825400CA1E00 /* TableView.swift */; };
		1E586DAD2B179D4C00CA1E00 /* UIView - Extension.swift in Sources */ = {isa = PBXBuildFile; fileRef = 1E586DAC2B179D4C00CA1E00 /* UIView - Extension.swift */; };
		1E586DAF2B17C29A00CA1E00 /* AddedView.swift in Sources */ = {isa = PBXBuildFile; fileRef = 1E586DAE2B17C29A00CA1E00 /* AddedView.swift */; };
		1E586DB12B17C65C00CA1E00 /* UIStackView - Extension.swift in Sources */ = {isa = PBXBuildFile; fileRef = 1E586DB02B17C65C00CA1E00 /* UIStackView - Extension.swift */; };
		1E586DB32B17C90300CA1E00 /* AddedViewController.swift in Sources */ = {isa = PBXBuildFile; fileRef = 1E586DB22B17C90300CA1E00 /* AddedViewController.swift */; };
		1E586DB52B1A40FC00CA1E00 /* UIButton - Extension.swift in Sources */ = {isa = PBXBuildFile; fileRef = 1E586DB42B1A40FC00CA1E00 /* UIButton - Extension.swift */; };
		1EF0E2BA2AECE85800B5F79D /* AppDelegate.swift in Sources */ = {isa = PBXBuildFile; fileRef = 1EF0E2B92AECE85800B5F79D /* AppDelegate.swift */; };
		1EF0E2BC2AECE85800B5F79D /* SceneDelegate.swift in Sources */ = {isa = PBXBuildFile; fileRef = 1EF0E2BB2AECE85800B5F79D /* SceneDelegate.swift */; };
		1EF0E2BE2AECE85800B5F79D /* MainViewController.swift in Sources */ = {isa = PBXBuildFile; fileRef = 1EF0E2BD2AECE85800B5F79D /* MainViewController.swift */; };
		1EF0E2C32AECE85B00B5F79D /* Assets.xcassets in Resources */ = {isa = PBXBuildFile; fileRef = 1EF0E2C22AECE85B00B5F79D /* Assets.xcassets */; };
		1EF0E2CE2AED01C400B5F79D /* SettingViewController.swift in Sources */ = {isa = PBXBuildFile; fileRef = 1EF0E2CD2AED01C400B5F79D /* SettingViewController.swift */; };
		1EF0E2D02AED664A00B5F79D /* HabbitsViewController.swift in Sources */ = {isa = PBXBuildFile; fileRef = 1EF0E2CF2AED664A00B5F79D /* HabbitsViewController.swift */; };
/* End PBXBuildFile section */

/* Begin PBXFileReference section */
		1E3A1DE92AF00A7C0083A4CC /* CallingViewController.swift */ = {isa = PBXFileReference; lastKnownFileType = sourcecode.swift; path = CallingViewController.swift; sourceTree = "<group>"; };
		1E3A1DEB2AF00D840083A4CC /* MeetingViewController.swift */ = {isa = PBXFileReference; lastKnownFileType = sourcecode.swift; path = MeetingViewController.swift; sourceTree = "<group>"; };
		1E3A1DED2AF0101C0083A4CC /* ImportantViewController.swift */ = {isa = PBXFileReference; lastKnownFileType = sourcecode.swift; path = ImportantViewController.swift; sourceTree = "<group>"; };
		1E3A1DEF2AF013BD0083A4CC /* TaskViewController.swift */ = {isa = PBXFileReference; lastKnownFileType = sourcecode.swift; path = TaskViewController.swift; sourceTree = "<group>"; };
		1E3A1DF32AF11A580083A4CC /* CustomTableViewCell.swift */ = {isa = PBXFileReference; lastKnownFileType = sourcecode.swift; path = CustomTableViewCell.swift; sourceTree = "<group>"; };
		1E586DA72B16735100CA1E00 /* MainView.swift */ = {isa = PBXFileReference; lastKnownFileType = sourcecode.swift; path = MainView.swift; sourceTree = "<group>"; };
		1E586DA92B16825400CA1E00 /* TableView.swift */ = {isa = PBXFileReference; lastKnownFileType = sourcecode.swift; path = TableView.swift; sourceTree = "<group>"; };
		1E586DAC2B179D4C00CA1E00 /* UIView - Extension.swift */ = {isa = PBXFileReference; lastKnownFileType = sourcecode.swift; path = "UIView - Extension.swift"; sourceTree = "<group>"; };
		1E586DAE2B17C29A00CA1E00 /* AddedView.swift */ = {isa = PBXFileReference; lastKnownFileType = sourcecode.swift; path = AddedView.swift; sourceTree = "<group>"; };
		1E586DB02B17C65C00CA1E00 /* UIStackView - Extension.swift */ = {isa = PBXFileReference; lastKnownFileType = sourcecode.swift; path = "UIStackView - Extension.swift"; sourceTree = "<group>"; };
		1E586DB22B17C90300CA1E00 /* AddedViewController.swift */ = {isa = PBXFileReference; lastKnownFileType = sourcecode.swift; path = AddedViewController.swift; sourceTree = "<group>"; };
		1E586DB42B1A40FC00CA1E00 /* UIButton - Extension.swift */ = {isa = PBXFileReference; lastKnownFileType = sourcecode.swift; path = "UIButton - Extension.swift"; sourceTree = "<group>"; };
		1EF0E2B62AECE85800B5F79D /* TheProject.app */ = {isa = PBXFileReference; explicitFileType = wrapper.application; includeInIndex = 0; path = TheProject.app; sourceTree = BUILT_PRODUCTS_DIR; };
		1EF0E2B92AECE85800B5F79D /* AppDelegate.swift */ = {isa = PBXFileReference; lastKnownFileType = sourcecode.swift; path = AppDelegate.swift; sourceTree = "<group>"; };
		1EF0E2BB2AECE85800B5F79D /* SceneDelegate.swift */ = {isa = PBXFileReference; lastKnownFileType = sourcecode.swift; path = SceneDelegate.swift; sourceTree = "<group>"; };
		1EF0E2BD2AECE85800B5F79D /* MainViewController.swift */ = {isa = PBXFileReference; lastKnownFileType = sourcecode.swift; path = MainViewController.swift; sourceTree = "<group>"; };
		1EF0E2C22AECE85B00B5F79D /* Assets.xcassets */ = {isa = PBXFileReference; lastKnownFileType = folder.assetcatalog; path = Assets.xcassets; sourceTree = "<group>"; };
		1EF0E2C72AECE85B00B5F79D /* Info.plist */ = {isa = PBXFileReference; lastKnownFileType = text.plist.xml; path = Info.plist; sourceTree = "<group>"; };
		1EF0E2CD2AED01C400B5F79D /* SettingViewController.swift */ = {isa = PBXFileReference; lastKnownFileType = sourcecode.swift; path = SettingViewController.swift; sourceTree = "<group>"; };
		1EF0E2CF2AED664A00B5F79D /* HabbitsViewController.swift */ = {isa = PBXFileReference; lastKnownFileType = sourcecode.swift; path = HabbitsViewController.swift; sourceTree = "<group>"; };
/* End PBXFileReference section */

/* Begin PBXFrameworksBuildPhase section */
		1EF0E2B32AECE85800B5F79D /* Frameworks */ = {
			isa = PBXFrameworksBuildPhase;
			buildActionMask = 2147483647;
			files = (
			);
			runOnlyForDeploymentPostprocessing = 0;
		};
/* End PBXFrameworksBuildPhase section */

/* Begin PBXGroup section */
		1E586DA22B166BCC00CA1E00 /* View */ = {
			isa = PBXGroup;
			children = (
				1E586DA72B16735100CA1E00 /* MainView.swift */,
				1E586DA92B16825400CA1E00 /* TableView.swift */,
				1E3A1DF32AF11A580083A4CC /* CustomTableViewCell.swift */,
				1E586DAE2B17C29A00CA1E00 /* AddedView.swift */,
			);
			path = View;
			sourceTree = "<group>";
		};
		1E586DA32B166BDD00CA1E00 /* Model */ = {
			isa = PBXGroup;
			children = (
			);
			path = Model;
			sourceTree = "<group>";
		};
		1E586DA42B166BE400CA1E00 /* Controller */ = {
			isa = PBXGroup;
			children = (
				1E3A1DE92AF00A7C0083A4CC /* CallingViewController.swift */,
				1EF0E2CF2AED664A00B5F79D /* HabbitsViewController.swift */,
				1E3A1DED2AF0101C0083A4CC /* ImportantViewController.swift */,
				1EF0E2BD2AECE85800B5F79D /* MainViewController.swift */,
				1E3A1DEB2AF00D840083A4CC /* MeetingViewController.swift */,
				1EF0E2CD2AED01C400B5F79D /* SettingViewController.swift */,
				1E3A1DEF2AF013BD0083A4CC /* TaskViewController.swift */,
				1E586DB22B17C90300CA1E00 /* AddedViewController.swift */,
			);
			path = Controller;
			sourceTree = "<group>";
		};
		1E586DA52B166C1200CA1E00 /* Aplication */ = {
			isa = PBXGroup;
			children = (
				1EF0E2B92AECE85800B5F79D /* AppDelegate.swift */,
				1EF0E2BB2AECE85800B5F79D /* SceneDelegate.swift */,
			);
			path = Aplication;
			sourceTree = "<group>";
		};
		1E586DA62B166CBD00CA1E00 /* Support */ = {
			isa = PBXGroup;
			children = (
				1EF0E2C22AECE85B00B5F79D /* Assets.xcassets */,
				1EF0E2C72AECE85B00B5F79D /* Info.plist */,
			);
			path = Support;
			sourceTree = "<group>";
		};
		1E586DAB2B179D3300CA1E00 /* Extension */ = {
			isa = PBXGroup;
			children = (
				1E586DAC2B179D4C00CA1E00 /* UIView - Extension.swift */,
				1E586DB02B17C65C00CA1E00 /* UIStackView - Extension.swift */,
				1E586DB42B1A40FC00CA1E00 /* UIButton - Extension.swift */,
			);
			path = Extension;
			sourceTree = "<group>";
		};
		1EF0E2AD2AECE85800B5F79D = {
			isa = PBXGroup;
			children = (
				1EF0E2B82AECE85800B5F79D /* TheProject */,
				1EF0E2B72AECE85800B5F79D /* Products */,
			);
			sourceTree = "<group>";
		};
		1EF0E2B72AECE85800B5F79D /* Products */ = {
			isa = PBXGroup;
			children = (
				1EF0E2B62AECE85800B5F79D /* TheProject.app */,
			);
			name = Products;
			sourceTree = "<group>";
		};
		1EF0E2B82AECE85800B5F79D /* TheProject */ = {
			isa = PBXGroup;
			children = (
				1E586DAB2B179D3300CA1E00 /* Extension */,
				1E586DA62B166CBD00CA1E00 /* Support */,
				1E586DA52B166C1200CA1E00 /* Aplication */,
				1E586DA42B166BE400CA1E00 /* Controller */,
				1E586DA32B166BDD00CA1E00 /* Model */,
				1E586DA22B166BCC00CA1E00 /* View */,
			);
			path = TheProject;
			sourceTree = "<group>";
		};
/* End PBXGroup section */

/* Begin PBXNativeTarget section */
		1EF0E2B52AECE85800B5F79D /* TheProject */ = {
			isa = PBXNativeTarget;
			buildConfigurationList = 1EF0E2CA2AECE85B00B5F79D /* Build configuration list for PBXNativeTarget "TheProject" */;
			buildPhases = (
				1EF0E2B22AECE85800B5F79D /* Sources */,
				1EF0E2B32AECE85800B5F79D /* Frameworks */,
				1EF0E2B42AECE85800B5F79D /* Resources */,
			);
			buildRules = (
			);
			dependencies = (
			);
			name = TheProject;
			productName = TheProject;
			productReference = 1EF0E2B62AECE85800B5F79D /* TheProject.app */;
			productType = "com.apple.product-type.application";
		};
/* End PBXNativeTarget section */

/* Begin PBXProject section */
		1EF0E2AE2AECE85800B5F79D /* Project object */ = {
			isa = PBXProject;
			attributes = {
				BuildIndependentTargetsInParallel = 1;
				LastSwiftUpdateCheck = 1500;
				LastUpgradeCheck = 1500;
				TargetAttributes = {
					1EF0E2B52AECE85800B5F79D = {
						CreatedOnToolsVersion = 15.0;
					};
				};
			};
			buildConfigurationList = 1EF0E2B12AECE85800B5F79D /* Build configuration list for PBXProject "TheProject" */;
			compatibilityVersion = "Xcode 14.0";
			developmentRegion = en;
			hasScannedForEncodings = 0;
			knownRegions = (
				en,
				Base,
			);
			mainGroup = 1EF0E2AD2AECE85800B5F79D;
			productRefGroup = 1EF0E2B72AECE85800B5F79D /* Products */;
			projectDirPath = "";
			projectRoot = "";
			targets = (
				1EF0E2B52AECE85800B5F79D /* TheProject */,
			);
		};
/* End PBXProject section */

/* Begin PBXResourcesBuildPhase section */
		1EF0E2B42AECE85800B5F79D /* Resources */ = {
			isa = PBXResourcesBuildPhase;
			buildActionMask = 2147483647;
			files = (
				1EF0E2C32AECE85B00B5F79D /* Assets.xcassets in Resources */,
			);
			runOnlyForDeploymentPostprocessing = 0;
		};
/* End PBXResourcesBuildPhase section */

/* Begin PBXSourcesBuildPhase section */
		1EF0E2B22AECE85800B5F79D /* Sources */ = {
			isa = PBXSourcesBuildPhase;
			buildActionMask = 2147483647;
			files = (
				1EF0E2BE2AECE85800B5F79D /* MainViewController.swift in Sources */,
				1E586DB52B1A40FC00CA1E00 /* UIButton - Extension.swift in Sources */,
				1E586DAA2B16825400CA1E00 /* TableView.swift in Sources */,
				1E586DB12B17C65C00CA1E00 /* UIStackView - Extension.swift in Sources */,
				1EF0E2CE2AED01C400B5F79D /* SettingViewController.swift in Sources */,
				1E586DA82B16735100CA1E00 /* MainView.swift in Sources */,
				1E586DB32B17C90300CA1E00 /* AddedViewController.swift in Sources */,
				1E3A1DEC2AF00D840083A4CC /* MeetingViewController.swift in Sources */,
				1E586DAF2B17C29A00CA1E00 /* AddedView.swift in Sources */,
				1EF0E2BA2AECE85800B5F79D /* AppDelegate.swift in Sources */,
				1EF0E2BC2AECE85800B5F79D /* SceneDelegate.swift in Sources */,
				1E3A1DEE2AF0101C0083A4CC /* ImportantViewController.swift in Sources */,
				1E3A1DF42AF11A580083A4CC /* CustomTableViewCell.swift in Sources */,
				1E586DAD2B179D4C00CA1E00 /* UIView - Extension.swift in Sources */,
				1EF0E2D02AED664A00B5F79D /* HabbitsViewController.swift in Sources */,
				1E3A1DEA2AF00A7C0083A4CC /* CallingViewController.swift in Sources */,
				1E3A1DF02AF013BD0083A4CC /* TaskViewController.swift in Sources */,
			);
			runOnlyForDeploymentPostprocessing = 0;
		};
/* End PBXSourcesBuildPhase section */

/* Begin XCBuildConfiguration section */
		1EF0E2C82AECE85B00B5F79D /* Debug */ = {
			isa = XCBuildConfiguration;
			buildSettings = {
				ALWAYS_SEARCH_USER_PATHS = NO;
				ASSETCATALOG_COMPILER_GENERATE_SWIFT_ASSET_SYMBOL_EXTENSIONS = YES;
				CLANG_ANALYZER_NONNULL = YES;
				CLANG_ANALYZER_NUMBER_OBJECT_CONVERSION = YES_AGGRESSIVE;
				CLANG_CXX_LANGUAGE_STANDARD = "gnu++20";
				CLANG_ENABLE_MODULES = YES;
				CLANG_ENABLE_OBJC_ARC = YES;
				CLANG_ENABLE_OBJC_WEAK = YES;
				CLANG_WARN_BLOCK_CAPTURE_AUTORELEASING = YES;
				CLANG_WARN_BOOL_CONVERSION = YES;
				CLANG_WARN_COMMA = YES;
				CLANG_WARN_CONSTANT_CONVERSION = YES;
				CLANG_WARN_DEPRECATED_OBJC_IMPLEMENTATIONS = YES;
				CLANG_WARN_DIRECT_OBJC_ISA_USAGE = YES_ERROR;
				CLANG_WARN_DOCUMENTATION_COMMENTS = YES;
				CLANG_WARN_EMPTY_BODY = YES;
				CLANG_WARN_ENUM_CONVERSION = YES;
				CLANG_WARN_INFINITE_RECURSION = YES;
				CLANG_WARN_INT_CONVERSION = YES;
				CLANG_WARN_NON_LITERAL_NULL_CONVERSION = YES;
				CLANG_WARN_OBJC_IMPLICIT_RETAIN_SELF = YES;
				CLANG_WARN_OBJC_LITERAL_CONVERSION = YES;
				CLANG_WARN_OBJC_ROOT_CLASS = YES_ERROR;
				CLANG_WARN_QUOTED_INCLUDE_IN_FRAMEWORK_HEADER = YES;
				CLANG_WARN_RANGE_LOOP_ANALYSIS = YES;
				CLANG_WARN_STRICT_PROTOTYPES = YES;
				CLANG_WARN_SUSPICIOUS_MOVE = YES;
				CLANG_WARN_UNGUARDED_AVAILABILITY = YES_AGGRESSIVE;
				CLANG_WARN_UNREACHABLE_CODE = YES;
				CLANG_WARN__DUPLICATE_METHOD_MATCH = YES;
				COPY_PHASE_STRIP = NO;
				DEBUG_INFORMATION_FORMAT = dwarf;
				ENABLE_STRICT_OBJC_MSGSEND = YES;
				ENABLE_TESTABILITY = YES;
				ENABLE_USER_SCRIPT_SANDBOXING = YES;
				GCC_C_LANGUAGE_STANDARD = gnu17;
				GCC_DYNAMIC_NO_PIC = NO;
				GCC_NO_COMMON_BLOCKS = YES;
				GCC_OPTIMIZATION_LEVEL = 0;
				GCC_PREPROCESSOR_DEFINITIONS = (
					"DEBUG=1",
					"$(inherited)",
				);
				GCC_WARN_64_TO_32_BIT_CONVERSION = YES;
				GCC_WARN_ABOUT_RETURN_TYPE = YES_ERROR;
				GCC_WARN_UNDECLARED_SELECTOR = YES;
				GCC_WARN_UNINITIALIZED_AUTOS = YES_AGGRESSIVE;
				GCC_WARN_UNUSED_FUNCTION = YES;
				GCC_WARN_UNUSED_VARIABLE = YES;
				IPHONEOS_DEPLOYMENT_TARGET = 17.0;
				LOCALIZATION_PREFERS_STRING_CATALOGS = YES;
				MTL_ENABLE_DEBUG_INFO = INCLUDE_SOURCE;
				MTL_FAST_MATH = YES;
				ONLY_ACTIVE_ARCH = YES;
				SDKROOT = iphoneos;
				SWIFT_ACTIVE_COMPILATION_CONDITIONS = "DEBUG $(inherited)";
				SWIFT_OPTIMIZATION_LEVEL = "-Onone";
			};
			name = Debug;
		};
		1EF0E2C92AECE85B00B5F79D /* Release */ = {
			isa = XCBuildConfiguration;
			buildSettings = {
				ALWAYS_SEARCH_USER_PATHS = NO;
				ASSETCATALOG_COMPILER_GENERATE_SWIFT_ASSET_SYMBOL_EXTENSIONS = YES;
				CLANG_ANALYZER_NONNULL = YES;
				CLANG_ANALYZER_NUMBER_OBJECT_CONVERSION = YES_AGGRESSIVE;
				CLANG_CXX_LANGUAGE_STANDARD = "gnu++20";
				CLANG_ENABLE_MODULES = YES;
				CLANG_ENABLE_OBJC_ARC = YES;
				CLANG_ENABLE_OBJC_WEAK = YES;
				CLANG_WARN_BLOCK_CAPTURE_AUTORELEASING = YES;
				CLANG_WARN_BOOL_CONVERSION = YES;
				CLANG_WARN_COMMA = YES;
				CLANG_WARN_CONSTANT_CONVERSION = YES;
				CLANG_WARN_DEPRECATED_OBJC_IMPLEMENTATIONS = YES;
				CLANG_WARN_DIRECT_OBJC_ISA_USAGE = YES_ERROR;
				CLANG_WARN_DOCUMENTATION_COMMENTS = YES;
				CLANG_WARN_EMPTY_BODY = YES;
				CLANG_WARN_ENUM_CONVERSION = YES;
				CLANG_WARN_INFINITE_RECURSION = YES;
				CLANG_WARN_INT_CONVERSION = YES;
				CLANG_WARN_NON_LITERAL_NULL_CONVERSION = YES;
				CLANG_WARN_OBJC_IMPLICIT_RETAIN_SELF = YES;
				CLANG_WARN_OBJC_LITERAL_CONVERSION = YES;
				CLANG_WARN_OBJC_ROOT_CLASS = YES_ERROR;
				CLANG_WARN_QUOTED_INCLUDE_IN_FRAMEWORK_HEADER = YES;
				CLANG_WARN_RANGE_LOOP_ANALYSIS = YES;
				CLANG_WARN_STRICT_PROTOTYPES = YES;
				CLANG_WARN_SUSPICIOUS_MOVE = YES;
				CLANG_WARN_UNGUARDED_AVAILABILITY = YES_AGGRESSIVE;
				CLANG_WARN_UNREACHABLE_CODE = YES;
				CLANG_WARN__DUPLICATE_METHOD_MATCH = YES;
				COPY_PHASE_STRIP = NO;
				DEBUG_INFORMATION_FORMAT = "dwarf-with-dsym";
				ENABLE_NS_ASSERTIONS = NO;
				ENABLE_STRICT_OBJC_MSGSEND = YES;
				ENABLE_USER_SCRIPT_SANDBOXING = YES;
				GCC_C_LANGUAGE_STANDARD = gnu17;
				GCC_NO_COMMON_BLOCKS = YES;
				GCC_WARN_64_TO_32_BIT_CONVERSION = YES;
				GCC_WARN_ABOUT_RETURN_TYPE = YES_ERROR;
				GCC_WARN_UNDECLARED_SELECTOR = YES;
				GCC_WARN_UNINITIALIZED_AUTOS = YES_AGGRESSIVE;
				GCC_WARN_UNUSED_FUNCTION = YES;
				GCC_WARN_UNUSED_VARIABLE = YES;
				IPHONEOS_DEPLOYMENT_TARGET = 17.0;
				LOCALIZATION_PREFERS_STRING_CATALOGS = YES;
				MTL_ENABLE_DEBUG_INFO = NO;
				MTL_FAST_MATH = YES;
				SDKROOT = iphoneos;
				SWIFT_COMPILATION_MODE = wholemodule;
				VALIDATE_PRODUCT = YES;
			};
			name = Release;
		};
		1EF0E2CB2AECE85B00B5F79D /* Debug */ = {
			isa = XCBuildConfiguration;
			buildSettings = {
				ASSETCATALOG_COMPILER_APPICON_NAME = AppIcon;
				ASSETCATALOG_COMPILER_GLOBAL_ACCENT_COLOR_NAME = AccentColor;
				CODE_SIGN_STYLE = Automatic;
				CURRENT_PROJECT_VERSION = 1;
				DEVELOPMENT_TEAM = 4HU57HU93W;
				GENERATE_INFOPLIST_FILE = YES;
				INFOPLIST_FILE = TheProject/Support/Info.plist;
				INFOPLIST_KEY_UIApplicationSupportsIndirectInputEvents = YES;
				INFOPLIST_KEY_UILaunchStoryboardName = LaunchScreen;
				INFOPLIST_KEY_UISupportedInterfaceOrientations = UIInterfaceOrientationPortrait;
				INFOPLIST_KEY_UISupportedInterfaceOrientations_iPad = "UIInterfaceOrientationLandscapeLeft UIInterfaceOrientationLandscapeRight UIInterfaceOrientationPortrait UIInterfaceOrientationPortraitUpsideDown";
				LD_RUNPATH_SEARCH_PATHS = (
					"$(inherited)",
					"@executable_path/Frameworks",
				);
				MARKETING_VERSION = 1.0;
				PRODUCT_BUNDLE_IDENTIFIER = app.NS.TheProject.TheProject;
				PRODUCT_NAME = "$(TARGET_NAME)";
				SUPPORTED_PLATFORMS = "iphoneos iphonesimulator";
				SUPPORTS_MACCATALYST = NO;
				SUPPORTS_MAC_DESIGNED_FOR_IPHONE_IPAD = NO;
				SWIFT_EMIT_LOC_STRINGS = YES;
				SWIFT_VERSION = 5.0;
				TARGETED_DEVICE_FAMILY = 1;
			};
			name = Debug;
		};
		1EF0E2CC2AECE85B00B5F79D /* Release */ = {
			isa = XCBuildConfiguration;
			buildSettings = {
				ASSETCATALOG_COMPILER_APPICON_NAME = AppIcon;
				ASSETCATALOG_COMPILER_GLOBAL_ACCENT_COLOR_NAME = AccentColor;
				CODE_SIGN_STYLE = Automatic;
				CURRENT_PROJECT_VERSION = 1;
				DEVELOPMENT_TEAM = 4HU57HU93W;
				GENERATE_INFOPLIST_FILE = YES;
				INFOPLIST_FILE = TheProject/Support/Info.plist;
				INFOPLIST_KEY_UIApplicationSupportsIndirectInputEvents = YES;
				INFOPLIST_KEY_UILaunchStoryboardName = LaunchScreen;
				INFOPLIST_KEY_UISupportedInterfaceOrientations = UIInterfaceOrientationPortrait;
				INFOPLIST_KEY_UISupportedInterfaceOrientations_iPad = "UIInterfaceOrientationLandscapeLeft UIInterfaceOrientationLandscapeRight UIInterfaceOrientationPortrait UIInterfaceOrientationPortraitUpsideDown";
				LD_RUNPATH_SEARCH_PATHS = (
					"$(inherited)",
					"@executable_path/Frameworks",
				);
				MARKETING_VERSION = 1.0;
				PRODUCT_BUNDLE_IDENTIFIER = app.NS.TheProject.TheProject;
				PRODUCT_NAME = "$(TARGET_NAME)";
				SUPPORTED_PLATFORMS = "iphoneos iphonesimulator";
				SUPPORTS_MACCATALYST = NO;
				SUPPORTS_MAC_DESIGNED_FOR_IPHONE_IPAD = NO;
				SWIFT_EMIT_LOC_STRINGS = YES;
				SWIFT_VERSION = 5.0;
				TARGETED_DEVICE_FAMILY = 1;
			};
			name = Release;
		};
/* End XCBuildConfiguration section */

/* Begin XCConfigurationList section */
		1EF0E2B12AECE85800B5F79D /* Build configuration list for PBXProject "TheProject" */ = {
			isa = XCConfigurationList;
			buildConfigurations = (
				1EF0E2C82AECE85B00B5F79D /* Debug */,
				1EF0E2C92AECE85B00B5F79D /* Release */,
			);
			defaultConfigurationIsVisible = 0;
			defaultConfigurationName = Release;
		};
		1EF0E2CA2AECE85B00B5F79D /* Build configuration list for PBXNativeTarget "TheProject" */ = {
			isa = XCConfigurationList;
			buildConfigurations = (
				1EF0E2CB2AECE85B00B5F79D /* Debug */,
				1EF0E2CC2AECE85B00B5F79D /* Release */,
			);
			defaultConfigurationIsVisible = 0;
			defaultConfigurationName = Release;
		};
/* End XCConfigurationList section */
	};
	rootObject = 1EF0E2AE2AECE85800B5F79D /* Project object */;
}
